
Microsoft Visual Studio Solution File, Format Version 12.00
# Visual Studio Version 17
VisualStudioVersion = 17.13.35931.197
MinimumVisualStudioVersion = 10.0.40219.1
Project("{FAE04EC0-301F-11D3-BF4B-00C04F79EFBC}") = "WebAppUI", "WebAppUI\WebAppUI.csproj", "{8808AB23-0F1C-4D2D-AEDF-C58651807635}"
EndProject
Project("{FAE04EC0-301F-11D3-BF4B-00C04F79EFBC}") = "DAL", "DAL\DAL.csproj", "{B8629FC4-76FC-428C-8050-7047669CD800}"
EndProject
Project("{FAE04EC0-301F-11D3-BF4B-00C04F79EFBC}") = "BLL", "BLL\BLL.csproj", "{F6AED8DE-E5BB-49B1-8187-2E88911B6DFA}"
EndProject
Global
	GlobalSection(SolutionConfigurationPlatforms) = preSolution
		Debug|Any CPU = Debug|Any CPU
		Release|Any CPU = Release|Any CPU
	EndGlobalSection
	GlobalSection(ProjectConfigurationPlatforms) = postSolution
		{8808AB23-0F1C-4D2D-AEDF-C58651807635}.Debug|Any CPU.ActiveCfg = Debug|Any CPU
		{8808AB23-0F1C-4D2D-AEDF-C58651807635}.Debug|Any CPU.Build.0 = Debug|Any CPU
		{8808AB23-0F1C-4D2D-AEDF-C58651807635}.Release|Any CPU.ActiveCfg = Release|Any CPU
		{8808AB23-0F1C-4D2D-AEDF-C58651807635}.Release|Any CPU.Build.0 = Release|Any CPU
		{B8629FC4-76FC-428C-8050-7047669CD800}.Debug|Any CPU.ActiveCfg = Debug|Any CPU
		{B8629FC4-76FC-428C-8050-7047669CD800}.Debug|Any CPU.Build.0 = Debug|Any CPU
		{B8629FC4-76FC-428C-8050-7047669CD800}.Release|Any CPU.ActiveCfg = Release|Any CPU
		{B8629FC4-76FC-428C-8050-7047669CD800}.Release|Any CPU.Build.0 = Release|Any CPU
		{F6AED8DE-E5BB-49B1-8187-2E88911B6DFA}.Debug|Any CPU.ActiveCfg = Debug|Any CPU
		{F6AED8DE-E5BB-49B1-8187-2E88911B6DFA}.Debug|Any CPU.Build.0 = Debug|Any CPU
		{F6AED8DE-E5BB-49B1-8187-2E88911B6DFA}.Release|Any CPU.ActiveCfg = Release|Any CPU
		{F6AED8DE-E5BB-49B1-8187-2E88911B6DFA}.Release|Any CPU.Build.0 = Release|Any CPU
	EndGlobalSection
	GlobalSection(SolutionProperties) = preSolution
		HideSolutionNode = FALSE
	EndGlobalSection
	GlobalSection(ExtensibilityGlobals) = postSolution
		SolutionGuid = {F853EC02-7F93-4C33-818A-B10DC7A9FF4B}
	EndGlobalSection
EndGlobal
